
Microsoft Visual Studio Solution File, Format Version 12.00
# Visual Studio Version 17
VisualStudioVersion = 17.11.35327.3
MinimumVisualStudioVersion = 10.0.40219.1
Project("{9A19103F-16F7-4668-BE54-9A1E7A4F7556}") = "QuaoteCalculator", "QuaoteCalculator\QuaoteCalculator.csproj", "{104A4F67-EA6E-41E1-BD60-6BA19A2F73F3}"
EndProject
Project("{54A90642-561A-4BB1-A94E-469ADEE60C69}") = "quotecalculator.ui", "QuoteCalculator.UI\quotecalculator.ui.esproj", "{D4E63919-5589-4F72-A0BF-6B90EEE8A236}"
EndProject
Global
	GlobalSection(SolutionConfigurationPlatforms) = preSolution
		Debug|Any CPU = Debug|Any CPU
		Release|Any CPU = Release|Any CPU
	EndGlobalSection
	GlobalSection(ProjectConfigurationPlatforms) = postSolution
		{104A4F67-EA6E-41E1-BD60-6BA19A2F73F3}.Debug|Any CPU.ActiveCfg = Debug|Any CPU
		{104A4F67-EA6E-41E1-BD60-6BA19A2F73F3}.Debug|Any CPU.Build.0 = Debug|Any CPU
		{104A4F67-EA6E-41E1-BD60-6BA19A2F73F3}.Release|Any CPU.ActiveCfg = Release|Any CPU
		{104A4F67-EA6E-41E1-BD60-6BA19A2F73F3}.Release|Any CPU.Build.0 = Release|Any CPU
		{D4E63919-5589-4F72-A0BF-6B90EEE8A236}.Debug|Any CPU.ActiveCfg = Debug|Any CPU
		{D4E63919-5589-4F72-A0BF-6B90EEE8A236}.Debug|Any CPU.Build.0 = Debug|Any CPU
		{D4E63919-5589-4F72-A0BF-6B90EEE8A236}.Debug|Any CPU.Deploy.0 = Debug|Any CPU
		{D4E63919-5589-4F72-A0BF-6B90EEE8A236}.Release|Any CPU.ActiveCfg = Release|Any CPU
		{D4E63919-5589-4F72-A0BF-6B90EEE8A236}.Release|Any CPU.Build.0 = Release|Any CPU
		{D4E63919-5589-4F72-A0BF-6B90EEE8A236}.Release|Any CPU.Deploy.0 = Release|Any CPU
	EndGlobalSection
	GlobalSection(SolutionProperties) = preSolution
		HideSolutionNode = FALSE
	EndGlobalSection
	GlobalSection(ExtensibilityGlobals) = postSolution
		SolutionGuid = {DAB03D79-8AFD-484B-B19A-411E2447AADE}
	EndGlobalSection
EndGlobal
